{
  "requires": true,
  "lockfileVersion": 1,
  "dependencies": {
    "vue-form-wizard": {
      "version": "0.8.4",
      "resolved": "https://registry.npmjs.org/vue-form-wizard/-/vue-form-wizard-0.8.4.tgz",
      "integrity": "sha512-/Zk1+B7bz7qHFJ16mwu021lpPXWf/9Tlr2mTNG3J7M0Hdy3rgA802lWsbKYySns0B0qtsD8BYGjQ2Wyxgg+4uw=="
    }
  }
}
